
Microsoft Visual Studio Solution File, Format Version 12.00
# Visual Studio Version 17
VisualStudioVersion = 17.11.35312.102
MinimumVisualStudioVersion = 10.0.40219.1
Project("{FAE04EC0-301F-11D3-BF4B-00C04F79EFBC}") = "ExplorersDream", "ExplorersDream\ExplorersDream.csproj", "{8DD33530-E75C-45D0-AAD8-A89D8736072B}"
EndProject
Global
	GlobalSection(SolutionConfigurationPlatforms) = preSolution
		Debug|Any CPU = Debug|Any CPU
		Release|Any CPU = Release|Any CPU
	EndGlobalSection
	GlobalSection(ProjectConfigurationPlatforms) = postSolution
		{8DD33530-E75C-45D0-AAD8-A89D8736072B}.Debug|Any CPU.ActiveCfg = Debug|Any CPU
		{8DD33530-E75C-45D0-AAD8-A89D8736072B}.Debug|Any CPU.Build.0 = Debug|Any CPU
		{8DD33530-E75C-45D0-AAD8-A89D8736072B}.Release|Any CPU.ActiveCfg = Release|Any CPU
		{8DD33530-E75C-45D0-AAD8-A89D8736072B}.Release|Any CPU.Build.0 = Release|Any CPU
	EndGlobalSection
	GlobalSection(SolutionProperties) = preSolution
		HideSolutionNode = FALSE
	EndGlobalSection
	GlobalSection(ExtensibilityGlobals) = postSolution
		SolutionGuid = {2979F24D-AB76-4564-8C7C-73D7055D43E1}
	EndGlobalSection
EndGlobal
